
Microsoft Visual Studio Solution File, Format Version 12.00
# Visual Studio Version 17
VisualStudioVersion = 17.5.002.0
MinimumVisualStudioVersion = 10.0.40219.1
Project("{9A19103F-16F7-4668-BE54-9A1E7A4F7556}") = "projecto_iefp", "projecto_iefp.csproj", "{4CDB9143-710E-4F7A-AE30-F1B20E0D17A1}"
EndProject
Global
	GlobalSection(SolutionConfigurationPlatforms) = preSolution
		Debug|Any CPU = Debug|Any CPU
		Release|Any CPU = Release|Any CPU
	EndGlobalSection
	GlobalSection(ProjectConfigurationPlatforms) = postSolution
		{4CDB9143-710E-4F7A-AE30-F1B20E0D17A1}.Debug|Any CPU.ActiveCfg = Debug|Any CPU
		{4CDB9143-710E-4F7A-AE30-F1B20E0D17A1}.Debug|Any CPU.Build.0 = Debug|Any CPU
		{4CDB9143-710E-4F7A-AE30-F1B20E0D17A1}.Release|Any CPU.ActiveCfg = Release|Any CPU
		{4CDB9143-710E-4F7A-AE30-F1B20E0D17A1}.Release|Any CPU.Build.0 = Release|Any CPU
	EndGlobalSection
	GlobalSection(SolutionProperties) = preSolution
		HideSolutionNode = FALSE
	EndGlobalSection
	GlobalSection(ExtensibilityGlobals) = postSolution
		SolutionGuid = {D5689F74-E893-47AC-874E-075EE5F87E5F}
	EndGlobalSection
EndGlobal
